{
  "nodes": {
    "flake-parts": {
      "inputs": {
        "nixpkgs-lib": "nixpkgs-lib"
      },
      "locked": {
        "lastModified": 1778716662,
        "narHash": "sha256-m1Yf0wZ8j1OHjTc2UwHwyQRSnNeSgLJOd7q5Y45hzi4=",
        "owner": "hercules-ci",
        "repo": "flake-parts",
        "rev": "f7c1a2d347e4c52d5fb8d10cb4d94b5884e546fb",
        "type": "github"
      },
      "original": {
        "owner": "hercules-ci",
        "repo": "flake-parts",
        "type": "github"
      }
    },
    "home-manager": {
      "inputs": {
        "nixpkgs": [
          "nixpkgs"
        ]
      },
      "locked": {
        "lastModified": 1775425411,
        "narHash": "sha256-KY6HsebJHEe5nHOWP7ur09mb0drGxYSzE3rQxy62rJo=",
        "owner": "nix-community",
        "repo": "home-manager",
        "rev": "0d02ec1d0a05f88ef9e74b516842900c41f0f2fe",
        "type": "github"
      },
      "original": {
        "owner": "nix-community",
        "ref": "release-25.11",
        "repo": "home-manager",
        "type": "github"
      }
    },
    "nixpkgs": {
      "locked": {
        "lastModified": 1777428379,
        "narHash": "sha256-ypxFOeDz+CqADEQNL72haqGjvZQdBR5Vc7pyx2JDttI=",
        "owner": "NixOS",
        "repo": "nixpkgs",
        "rev": "755f5aa91337890c432639c60b6064bb7fe67769",
        "type": "github"
      },
      "original": {
        "owner": "NixOS",
        "ref": "nixos-25.11",
        "repo": "nixpkgs",
        "type": "github"
      }
    },
    "nixpkgs-lib": {
      "locked": {
        "lastModified": 1777168982,
        "narHash": "sha256-GOkGPcboWE9BmGCRMLX3worL4EMnsnG8MyKmXNeYuhQ=",
        "owner": "nix-community",
        "repo": "nixpkgs.lib",
        "rev": "f5901329dade4a6ea039af1433fb087bd9c1fe14",
        "type": "github"
      },
      "original": {
        "owner": "nix-community",
        "repo": "nixpkgs.lib",
        "type": "github"
      }
    },
    "nixpkgs-unstable": {
      "locked": {
        "lastModified": 1785967620,
        "narHash": "sha256-IItrdb7Puk05RqOBWZYFC5X6Wl1sJmCfh5MWVHw5iMM=",
        "owner": "NixOS",
        "repo": "nixpkgs",
        "rev": "b7c2ada94fe99c15b0dbcf4d11fd7850b957a436",
        "type": "github"
      },
      "original": {
        "owner": "NixOS",
        "ref": "nixos-unstable",
        "repo": "nixpkgs",
        "type": "github"
      }
    },
    "nixpkgs_2": {
      "locked": {
        "lastModified": 1782723713,
        "narHash": "sha256-oPXCU/SSUokcGaJREHibG1CBX3+s/W7orDWQOZDsEeQ=",
        "owner": "NixOS",
        "repo": "nixpkgs",
        "rev": "b5aa0fbd538984f6e3d201be0005b4463d8b09f8",
        "type": "github"
      },
      "original": {
        "owner": "NixOS",
        "ref": "nixos-unstable",
        "repo": "nixpkgs",
        "type": "github"
      }
    },
    "playit-nixos-module": {
      "inputs": {
        "flake-parts": "flake-parts",
        "nixpkgs": "nixpkgs_2",
        "systems": "systems"
      },
      "locked": {
        "lastModified": 1782986983,
        "narHash": "sha256-/qRWt2zgIQqCYrPQPk4+jp+DVAlUWhOzclgU3JcSC6c=",
        "owner": "pedorich-n",
        "repo": "playit-nixos-module",
        "rev": "bda9f527fcdd3c828169e238db94898a62ba1bc7",
        "type": "github"
      },
      "original": {
        "owner": "pedorich-n",
        "repo": "playit-nixos-module",
        "type": "github"
      }
    },
    "root": {
      "inputs": {
        "home-manager": "home-manager",
        "nixpkgs": "nixpkgs",
        "nixpkgs-unstable": "nixpkgs-unstable",
        "playit-nixos-module": "playit-nixos-module"
      }
    },
    "systems": {
      "locked": {
        "lastModified": 1689347949,
        "narHash": "sha256-12tWmuL2zgBgZkdoB6qXZsgJEH9LR3oUgpaQq2RbI80=",
        "owner": "nix-systems",
        "repo": "default-linux",
        "rev": "31732fcf5e8fea42e59c2488ad31a0e651500f68",
        "type": "github"
      },
      "original": {
        "owner": "nix-systems",
        "repo": "default-linux",
        "type": "github"
      }
    }
  },
  "root": "root",
  "version": 7
}
